
Microsoft Visual Studio Solution File, Format Version 12.00
# Visual Studio Version 16
VisualStudioVersion = 16.0.30611.23
MinimumVisualStudioVersion = 10.0.40219.1
Project("{FAE04EC0-301F-11D3-BF4B-00C04F79EFBC}") = "BlazorSearchComponentVideo", "BlazorSearchComponentVideo\BlazorSearchComponentVideo.csproj", "{0C699E48-8149-48D4-948B-164C72C6EF2D}"
EndProject
Global
	GlobalSection(SolutionConfigurationPlatforms) = preSolution
		Debug|Any CPU = Debug|Any CPU
		Release|Any CPU = Release|Any CPU
	EndGlobalSection
	GlobalSection(ProjectConfigurationPlatforms) = postSolution
		{0C699E48-8149-48D4-948B-164C72C6EF2D}.Debug|Any CPU.ActiveCfg = Debug|Any CPU
		{0C699E48-8149-48D4-948B-164C72C6EF2D}.Debug|Any CPU.Build.0 = Debug|Any CPU
		{0C699E48-8149-48D4-948B-164C72C6EF2D}.Release|Any CPU.ActiveCfg = Release|Any CPU
		{0C699E48-8149-48D4-948B-164C72C6EF2D}.Release|Any CPU.Build.0 = Release|Any CPU
	EndGlobalSection
	GlobalSection(SolutionProperties) = preSolution
		HideSolutionNode = FALSE
	EndGlobalSection
	GlobalSection(ExtensibilityGlobals) = postSolution
		SolutionGuid = {B44DA336-BD06-426A-BA6D-370D51CD9882}
	EndGlobalSection
EndGlobal
