
Microsoft Visual Studio Solution File, Format Version 12.00
# Visual Studio Version 16
VisualStudioVersion = 16.0.30503.244
MinimumVisualStudioVersion = 10.0.40219.1
Project("{FAE04EC0-301F-11D3-BF4B-00C04F79EFBC}") = "BLazorDragDrop", "BLazorDragDrop\BLazorDragDrop.csproj", "{71E90429-AFFF-48DF-9848-C96E36197BD2}"
EndProject
Global
	GlobalSection(SolutionConfigurationPlatforms) = preSolution
		Debug|Any CPU = Debug|Any CPU
		Release|Any CPU = Release|Any CPU
	EndGlobalSection
	GlobalSection(ProjectConfigurationPlatforms) = postSolution
		{71E90429-AFFF-48DF-9848-C96E36197BD2}.Debug|Any CPU.ActiveCfg = Debug|Any CPU
		{71E90429-AFFF-48DF-9848-C96E36197BD2}.Debug|Any CPU.Build.0 = Debug|Any CPU
		{71E90429-AFFF-48DF-9848-C96E36197BD2}.Release|Any CPU.ActiveCfg = Release|Any CPU
		{71E90429-AFFF-48DF-9848-C96E36197BD2}.Release|Any CPU.Build.0 = Release|Any CPU
	EndGlobalSection
	GlobalSection(SolutionProperties) = preSolution
		HideSolutionNode = FALSE
	EndGlobalSection
	GlobalSection(ExtensibilityGlobals) = postSolution
		SolutionGuid = {47336E1C-E34E-4EED-B9EC-4F361AD72F27}
	EndGlobalSection
EndGlobal
