
Microsoft Visual Studio Solution File, Format Version 12.00
# Visual Studio Version 16
VisualStudioVersion = 16.0.30804.86
MinimumVisualStudioVersion = 10.0.40219.1
Project("{FAE04EC0-301F-11D3-BF4B-00C04F79EFBC}") = "BlazorComponentsSiblingsCommunication", "BlazorComponentsSiblingsCommunication\BlazorComponentsSiblingsCommunication.csproj", "{7665AE02-CD3D-44EC-B88C-A68C03CB0050}"
EndProject
Global
	GlobalSection(SolutionConfigurationPlatforms) = preSolution
		Debug|Any CPU = Debug|Any CPU
		Release|Any CPU = Release|Any CPU
	EndGlobalSection
	GlobalSection(ProjectConfigurationPlatforms) = postSolution
		{7665AE02-CD3D-44EC-B88C-A68C03CB0050}.Debug|Any CPU.ActiveCfg = Debug|Any CPU
		{7665AE02-CD3D-44EC-B88C-A68C03CB0050}.Debug|Any CPU.Build.0 = Debug|Any CPU
		{7665AE02-CD3D-44EC-B88C-A68C03CB0050}.Release|Any CPU.ActiveCfg = Release|Any CPU
		{7665AE02-CD3D-44EC-B88C-A68C03CB0050}.Release|Any CPU.Build.0 = Release|Any CPU
	EndGlobalSection
	GlobalSection(SolutionProperties) = preSolution
		HideSolutionNode = FALSE
	EndGlobalSection
	GlobalSection(ExtensibilityGlobals) = postSolution
		SolutionGuid = {DA3001C9-881F-41EB-BFEE-BB36B09A0548}
	EndGlobalSection
EndGlobal
