
Microsoft Visual Studio Solution File, Format Version 12.00
# Visual Studio Version 16
VisualStudioVersion = 16.0.30611.23
MinimumVisualStudioVersion = 10.0.40219.1
Project("{FAE04EC0-301F-11D3-BF4B-00C04F79EFBC}") = "BlazorServerIHttpContextAccessorVideo", "BlazorServerIHttpContextAccessorVideo\BlazorServerIHttpContextAccessorVideo.csproj", "{23A5087D-D1BD-4BF7-8D60-656BC4152F19}"
EndProject
Global
	GlobalSection(SolutionConfigurationPlatforms) = preSolution
		Debug|Any CPU = Debug|Any CPU
		Release|Any CPU = Release|Any CPU
	EndGlobalSection
	GlobalSection(ProjectConfigurationPlatforms) = postSolution
		{23A5087D-D1BD-4BF7-8D60-656BC4152F19}.Debug|Any CPU.ActiveCfg = Debug|Any CPU
		{23A5087D-D1BD-4BF7-8D60-656BC4152F19}.Debug|Any CPU.Build.0 = Debug|Any CPU
		{23A5087D-D1BD-4BF7-8D60-656BC4152F19}.Release|Any CPU.ActiveCfg = Release|Any CPU
		{23A5087D-D1BD-4BF7-8D60-656BC4152F19}.Release|Any CPU.Build.0 = Release|Any CPU
	EndGlobalSection
	GlobalSection(SolutionProperties) = preSolution
		HideSolutionNode = FALSE
	EndGlobalSection
	GlobalSection(ExtensibilityGlobals) = postSolution
		SolutionGuid = {39534DD4-C50B-41E5-ACBB-6BC4DC115E29}
	EndGlobalSection
EndGlobal
