
Microsoft Visual Studio Solution File, Format Version 12.00
# Visual Studio Version 16
VisualStudioVersion = 16.0.30608.117
MinimumVisualStudioVersion = 10.0.40219.1
Project("{FAE04EC0-301F-11D3-BF4B-00C04F79EFBC}") = "BlazorServerMLNetImageClassification", "BlazorServerMLNetImageClassification\BlazorServerMLNetImageClassification.csproj", "{6B7D451E-630B-4733-A6B4-4904B6D033C3}"
EndProject
Project("{9A19103F-16F7-4668-BE54-9A1E7A4F7556}") = "BlazorServerMLNetImageClassificationML.Model", "BlazorServerMLNetImageClassificationML.Model\BlazorServerMLNetImageClassificationML.Model.csproj", "{46FC88DB-2312-4689-B97F-837D53906831}"
EndProject
Project("{9A19103F-16F7-4668-BE54-9A1E7A4F7556}") = "BlazorServerMLNetImageClassificationML.ConsoleApp", "BlazorServerMLNetImageClassificationML.ConsoleApp\BlazorServerMLNetImageClassificationML.ConsoleApp.csproj", "{FD43F5AE-56BB-4D09-88C7-316C339DDC2C}"
EndProject
Global
	GlobalSection(SolutionConfigurationPlatforms) = preSolution
		Debug|Any CPU = Debug|Any CPU
		Release|Any CPU = Release|Any CPU
	EndGlobalSection
	GlobalSection(ProjectConfigurationPlatforms) = postSolution
		{6B7D451E-630B-4733-A6B4-4904B6D033C3}.Debug|Any CPU.ActiveCfg = Debug|Any CPU
		{6B7D451E-630B-4733-A6B4-4904B6D033C3}.Debug|Any CPU.Build.0 = Debug|Any CPU
		{6B7D451E-630B-4733-A6B4-4904B6D033C3}.Release|Any CPU.ActiveCfg = Release|Any CPU
		{6B7D451E-630B-4733-A6B4-4904B6D033C3}.Release|Any CPU.Build.0 = Release|Any CPU
		{46FC88DB-2312-4689-B97F-837D53906831}.Debug|Any CPU.ActiveCfg = Debug|Any CPU
		{46FC88DB-2312-4689-B97F-837D53906831}.Debug|Any CPU.Build.0 = Debug|Any CPU
		{46FC88DB-2312-4689-B97F-837D53906831}.Release|Any CPU.ActiveCfg = Release|Any CPU
		{46FC88DB-2312-4689-B97F-837D53906831}.Release|Any CPU.Build.0 = Release|Any CPU
		{FD43F5AE-56BB-4D09-88C7-316C339DDC2C}.Debug|Any CPU.ActiveCfg = Debug|Any CPU
		{FD43F5AE-56BB-4D09-88C7-316C339DDC2C}.Debug|Any CPU.Build.0 = Debug|Any CPU
		{FD43F5AE-56BB-4D09-88C7-316C339DDC2C}.Release|Any CPU.ActiveCfg = Release|Any CPU
		{FD43F5AE-56BB-4D09-88C7-316C339DDC2C}.Release|Any CPU.Build.0 = Release|Any CPU
	EndGlobalSection
	GlobalSection(SolutionProperties) = preSolution
		HideSolutionNode = FALSE
	EndGlobalSection
	GlobalSection(ExtensibilityGlobals) = postSolution
		SolutionGuid = {B8CAE992-C2EF-4A32-800D-1B390EBBBC21}
	EndGlobalSection
EndGlobal
