
Microsoft Visual Studio Solution File, Format Version 12.00
# Visual Studio Version 16
VisualStudioVersion = 16.0.31702.278
MinimumVisualStudioVersion = 10.0.40219.1
Project("{FAE04EC0-301F-11D3-BF4B-00C04F79EFBC}") = "BlazorToggleSwitchTutorial", "BlazorToggleSwitchTutorial\BlazorToggleSwitchTutorial.csproj", "{530CB10C-1A2A-482E-A2D6-05BB39550CEB}"
EndProject
Global
	GlobalSection(SolutionConfigurationPlatforms) = preSolution
		Debug|Any CPU = Debug|Any CPU
		Release|Any CPU = Release|Any CPU
	EndGlobalSection
	GlobalSection(ProjectConfigurationPlatforms) = postSolution
		{530CB10C-1A2A-482E-A2D6-05BB39550CEB}.Debug|Any CPU.ActiveCfg = Debug|Any CPU
		{530CB10C-1A2A-482E-A2D6-05BB39550CEB}.Debug|Any CPU.Build.0 = Debug|Any CPU
		{530CB10C-1A2A-482E-A2D6-05BB39550CEB}.Release|Any CPU.ActiveCfg = Release|Any CPU
		{530CB10C-1A2A-482E-A2D6-05BB39550CEB}.Release|Any CPU.Build.0 = Release|Any CPU
	EndGlobalSection
	GlobalSection(SolutionProperties) = preSolution
		HideSolutionNode = FALSE
	EndGlobalSection
	GlobalSection(ExtensibilityGlobals) = postSolution
		SolutionGuid = {7D97821E-11BC-4043-969B-5933C02606D3}
	EndGlobalSection
EndGlobal
