
Microsoft Visual Studio Solution File, Format Version 12.00
# Visual Studio Version 16
VisualStudioVersion = 16.0.30626.31
MinimumVisualStudioVersion = 10.0.40219.1
Project("{FAE04EC0-301F-11D3-BF4B-00C04F79EFBC}") = "BlazorServerEFCore5", "BlazorServerEFCore5\BlazorServerEFCore5.csproj", "{6A232DB2-669E-4CD7-8296-9B34AD7A4E28}"
EndProject
Global
	GlobalSection(SolutionConfigurationPlatforms) = preSolution
		Debug|Any CPU = Debug|Any CPU
		Release|Any CPU = Release|Any CPU
	EndGlobalSection
	GlobalSection(ProjectConfigurationPlatforms) = postSolution
		{6A232DB2-669E-4CD7-8296-9B34AD7A4E28}.Debug|Any CPU.ActiveCfg = Debug|Any CPU
		{6A232DB2-669E-4CD7-8296-9B34AD7A4E28}.Debug|Any CPU.Build.0 = Debug|Any CPU
		{6A232DB2-669E-4CD7-8296-9B34AD7A4E28}.Release|Any CPU.ActiveCfg = Release|Any CPU
		{6A232DB2-669E-4CD7-8296-9B34AD7A4E28}.Release|Any CPU.Build.0 = Release|Any CPU
	EndGlobalSection
	GlobalSection(SolutionProperties) = preSolution
		HideSolutionNode = FALSE
	EndGlobalSection
	GlobalSection(ExtensibilityGlobals) = postSolution
		SolutionGuid = {035F6F20-AB69-420F-9288-B9B8471F80B9}
	EndGlobalSection
EndGlobal
